
Microsoft Visual Studio Solution File, Format Version 12.00
# Visual Studio Version 17
VisualStudioVersion = 17.1.32328.378
MinimumVisualStudioVersion = 10.0.40219.1
Project("{FAE04EC0-301F-11D3-BF4B-00C04F79EFBC}") = "lab1.3", "lab1.3.csproj", "{167864D3-884C-44BC-A615-74BE15DC64B6}"
EndProject
Global
	GlobalSection(SolutionConfigurationPlatforms) = preSolution
		Debug|Any CPU = Debug|Any CPU
		Release|Any CPU = Release|Any CPU
	EndGlobalSection
	GlobalSection(ProjectConfigurationPlatforms) = postSolution
		{167864D3-884C-44BC-A615-74BE15DC64B6}.Debug|Any CPU.ActiveCfg = Debug|Any CPU
		{167864D3-884C-44BC-A615-74BE15DC64B6}.Debug|Any CPU.Build.0 = Debug|Any CPU
		{167864D3-884C-44BC-A615-74BE15DC64B6}.Release|Any CPU.ActiveCfg = Release|Any CPU
		{167864D3-884C-44BC-A615-74BE15DC64B6}.Release|Any CPU.Build.0 = Release|Any CPU
	EndGlobalSection
	GlobalSection(SolutionProperties) = preSolution
		HideSolutionNode = FALSE
	EndGlobalSection
	GlobalSection(ExtensibilityGlobals) = postSolution
		SolutionGuid = {976F96F0-1C66-4ADF-8094-F20A62933CFC}
	EndGlobalSection
EndGlobal
